
Microsoft Visual Studio Solution File, Format Version 12.00
# Visual Studio Version 16
VisualStudioVersion = 16.0.29215.179
MinimumVisualStudioVersion = 10.0.40219.1
Project("{FAE04EC0-301F-11D3-BF4B-00C04F79EFBC}") = "Discount", "Discount\Discount.csproj", "{F128885E-7FA7-48DA-A31D-DB707F94E584}"
EndProject
Global
	GlobalSection(SolutionConfigurationPlatforms) = preSolution
		Debug|Any CPU = Debug|Any CPU
		Release|Any CPU = Release|Any CPU
	EndGlobalSection
	GlobalSection(ProjectConfigurationPlatforms) = postSolution
		{F128885E-7FA7-48DA-A31D-DB707F94E584}.Debug|Any CPU.ActiveCfg = Debug|Any CPU
		{F128885E-7FA7-48DA-A31D-DB707F94E584}.Debug|Any CPU.Build.0 = Debug|Any CPU
		{F128885E-7FA7-48DA-A31D-DB707F94E584}.Release|Any CPU.ActiveCfg = Release|Any CPU
		{F128885E-7FA7-48DA-A31D-DB707F94E584}.Release|Any CPU.Build.0 = Release|Any CPU
	EndGlobalSection
	GlobalSection(SolutionProperties) = preSolution
		HideSolutionNode = FALSE
	EndGlobalSection
	GlobalSection(ExtensibilityGlobals) = postSolution
		SolutionGuid = {EC84A067-7B50-4741-868E-1C4F6BD83F8B}
	EndGlobalSection
EndGlobal
