
Microsoft Visual Studio Solution File, Format Version 12.00
# Visual Studio Version 16
VisualStudioVersion = 16.0.29215.179
MinimumVisualStudioVersion = 10.0.40219.1
Project("{FAE04EC0-301F-11D3-BF4B-00C04F79EFBC}") = "Taulukko 3.1", "Taulukko 3.1\Taulukko 3.1.csproj", "{91847465-A0F2-4140-A662-A85484B4A673}"
EndProject
Global
	GlobalSection(SolutionConfigurationPlatforms) = preSolution
		Debug|Any CPU = Debug|Any CPU
		Release|Any CPU = Release|Any CPU
	EndGlobalSection
	GlobalSection(ProjectConfigurationPlatforms) = postSolution
		{91847465-A0F2-4140-A662-A85484B4A673}.Debug|Any CPU.ActiveCfg = Debug|Any CPU
		{91847465-A0F2-4140-A662-A85484B4A673}.Debug|Any CPU.Build.0 = Debug|Any CPU
		{91847465-A0F2-4140-A662-A85484B4A673}.Release|Any CPU.ActiveCfg = Release|Any CPU
		{91847465-A0F2-4140-A662-A85484B4A673}.Release|Any CPU.Build.0 = Release|Any CPU
	EndGlobalSection
	GlobalSection(SolutionProperties) = preSolution
		HideSolutionNode = FALSE
	EndGlobalSection
	GlobalSection(ExtensibilityGlobals) = postSolution
		SolutionGuid = {5E269E0E-7EBC-4172-B9CA-D4EA1532570A}
	EndGlobalSection
EndGlobal
