
Microsoft Visual Studio Solution File, Format Version 12.00
# Visual Studio Version 16
VisualStudioVersion = 16.0.29215.179
MinimumVisualStudioVersion = 10.0.40219.1
Project("{FAE04EC0-301F-11D3-BF4B-00C04F79EFBC}") = "Itsearviointi harjoitus 2", "Itsearviointi harjoitus 2\Itsearviointi harjoitus 2.csproj", "{23A1A765-E03D-44AB-93E6-33D9AAC194E6}"
EndProject
Global
	GlobalSection(SolutionConfigurationPlatforms) = preSolution
		Debug|Any CPU = Debug|Any CPU
		Release|Any CPU = Release|Any CPU
	EndGlobalSection
	GlobalSection(ProjectConfigurationPlatforms) = postSolution
		{23A1A765-E03D-44AB-93E6-33D9AAC194E6}.Debug|Any CPU.ActiveCfg = Debug|Any CPU
		{23A1A765-E03D-44AB-93E6-33D9AAC194E6}.Debug|Any CPU.Build.0 = Debug|Any CPU
		{23A1A765-E03D-44AB-93E6-33D9AAC194E6}.Release|Any CPU.ActiveCfg = Release|Any CPU
		{23A1A765-E03D-44AB-93E6-33D9AAC194E6}.Release|Any CPU.Build.0 = Release|Any CPU
	EndGlobalSection
	GlobalSection(SolutionProperties) = preSolution
		HideSolutionNode = FALSE
	EndGlobalSection
	GlobalSection(ExtensibilityGlobals) = postSolution
		SolutionGuid = {C6103345-D2EA-4CC0-8558-126FFB8A26F0}
	EndGlobalSection
EndGlobal
