
Microsoft Visual Studio Solution File, Format Version 12.00
# Visual Studio Version 16
VisualStudioVersion = 16.0.29215.179
MinimumVisualStudioVersion = 10.0.40219.1
Project("{FAE04EC0-301F-11D3-BF4B-00C04F79EFBC}") = "Toistorakenne 4.4", "Toistorakenne 4.4\Toistorakenne 4.4.csproj", "{C1556C41-09CB-4928-813E-51C4CC2A0B60}"
EndProject
Global
	GlobalSection(SolutionConfigurationPlatforms) = preSolution
		Debug|Any CPU = Debug|Any CPU
		Release|Any CPU = Release|Any CPU
	EndGlobalSection
	GlobalSection(ProjectConfigurationPlatforms) = postSolution
		{C1556C41-09CB-4928-813E-51C4CC2A0B60}.Debug|Any CPU.ActiveCfg = Debug|Any CPU
		{C1556C41-09CB-4928-813E-51C4CC2A0B60}.Debug|Any CPU.Build.0 = Debug|Any CPU
		{C1556C41-09CB-4928-813E-51C4CC2A0B60}.Release|Any CPU.ActiveCfg = Release|Any CPU
		{C1556C41-09CB-4928-813E-51C4CC2A0B60}.Release|Any CPU.Build.0 = Release|Any CPU
	EndGlobalSection
	GlobalSection(SolutionProperties) = preSolution
		HideSolutionNode = FALSE
	EndGlobalSection
	GlobalSection(ExtensibilityGlobals) = postSolution
		SolutionGuid = {E305109D-C0B4-40A4-A1FA-A3D19A436B19}
	EndGlobalSection
EndGlobal
