
Microsoft Visual Studio Solution File, Format Version 12.00
# Visual Studio Version 16
VisualStudioVersion = 16.0.29215.179
MinimumVisualStudioVersion = 10.0.40219.1
Project("{FAE04EC0-301F-11D3-BF4B-00C04F79EFBC}") = "Functions 4", "Functions 4\Functions 4.csproj", "{BE861581-90EA-44AC-B754-A8B298468C88}"
EndProject
Global
	GlobalSection(SolutionConfigurationPlatforms) = preSolution
		Debug|Any CPU = Debug|Any CPU
		Release|Any CPU = Release|Any CPU
	EndGlobalSection
	GlobalSection(ProjectConfigurationPlatforms) = postSolution
		{BE861581-90EA-44AC-B754-A8B298468C88}.Debug|Any CPU.ActiveCfg = Debug|Any CPU
		{BE861581-90EA-44AC-B754-A8B298468C88}.Debug|Any CPU.Build.0 = Debug|Any CPU
		{BE861581-90EA-44AC-B754-A8B298468C88}.Release|Any CPU.ActiveCfg = Release|Any CPU
		{BE861581-90EA-44AC-B754-A8B298468C88}.Release|Any CPU.Build.0 = Release|Any CPU
	EndGlobalSection
	GlobalSection(SolutionProperties) = preSolution
		HideSolutionNode = FALSE
	EndGlobalSection
	GlobalSection(ExtensibilityGlobals) = postSolution
		SolutionGuid = {983E88AD-C8FD-4AF2-8098-02FC59770BFC}
	EndGlobalSection
EndGlobal
