
Microsoft Visual Studio Solution File, Format Version 12.00
# Visual Studio Version 16
VisualStudioVersion = 16.0.29215.179
MinimumVisualStudioVersion = 10.0.40219.1
Project("{FAE04EC0-301F-11D3-BF4B-00C04F79EFBC}") = "StringTask 1", "StringTask 1\StringTask 1.csproj", "{91E9C7BB-21DD-4265-9669-79E04632FDEA}"
EndProject
Global
	GlobalSection(SolutionConfigurationPlatforms) = preSolution
		Debug|Any CPU = Debug|Any CPU
		Release|Any CPU = Release|Any CPU
	EndGlobalSection
	GlobalSection(ProjectConfigurationPlatforms) = postSolution
		{91E9C7BB-21DD-4265-9669-79E04632FDEA}.Debug|Any CPU.ActiveCfg = Debug|Any CPU
		{91E9C7BB-21DD-4265-9669-79E04632FDEA}.Debug|Any CPU.Build.0 = Debug|Any CPU
		{91E9C7BB-21DD-4265-9669-79E04632FDEA}.Release|Any CPU.ActiveCfg = Release|Any CPU
		{91E9C7BB-21DD-4265-9669-79E04632FDEA}.Release|Any CPU.Build.0 = Release|Any CPU
	EndGlobalSection
	GlobalSection(SolutionProperties) = preSolution
		HideSolutionNode = FALSE
	EndGlobalSection
	GlobalSection(ExtensibilityGlobals) = postSolution
		SolutionGuid = {061F7254-55E5-4835-AEE5-F2985F9F710C}
	EndGlobalSection
EndGlobal
