
Microsoft Visual Studio Solution File, Format Version 12.00
# Visual Studio Version 16
VisualStudioVersion = 16.0.29215.179
MinimumVisualStudioVersion = 10.0.40219.1
Project("{FAE04EC0-301F-11D3-BF4B-00C04F79EFBC}") = "Itsearviointi tehtävä 3", "Itsearviointi tehtävä 3\Itsearviointi tehtävä 3.csproj", "{E0D3EB68-56AB-4E73-B6E0-0D97B11FE1BF}"
EndProject
Global
	GlobalSection(SolutionConfigurationPlatforms) = preSolution
		Debug|Any CPU = Debug|Any CPU
		Release|Any CPU = Release|Any CPU
	EndGlobalSection
	GlobalSection(ProjectConfigurationPlatforms) = postSolution
		{E0D3EB68-56AB-4E73-B6E0-0D97B11FE1BF}.Debug|Any CPU.ActiveCfg = Debug|Any CPU
		{E0D3EB68-56AB-4E73-B6E0-0D97B11FE1BF}.Debug|Any CPU.Build.0 = Debug|Any CPU
		{E0D3EB68-56AB-4E73-B6E0-0D97B11FE1BF}.Release|Any CPU.ActiveCfg = Release|Any CPU
		{E0D3EB68-56AB-4E73-B6E0-0D97B11FE1BF}.Release|Any CPU.Build.0 = Release|Any CPU
	EndGlobalSection
	GlobalSection(SolutionProperties) = preSolution
		HideSolutionNode = FALSE
	EndGlobalSection
	GlobalSection(ExtensibilityGlobals) = postSolution
		SolutionGuid = {58BFBC77-D58B-4EC8-990C-0CA256037B70}
	EndGlobalSection
EndGlobal
