
Microsoft Visual Studio Solution File, Format Version 12.00
# Visual Studio Version 16
VisualStudioVersion = 16.0.29215.179
MinimumVisualStudioVersion = 10.0.40219.1
Project("{FAE04EC0-301F-11D3-BF4B-00C04F79EFBC}") = "Toistorakenne 4.5", "Toistorakenne 4.5\Toistorakenne 4.5.csproj", "{67EE738A-15A1-4090-812A-8A81814E1408}"
EndProject
Global
	GlobalSection(SolutionConfigurationPlatforms) = preSolution
		Debug|Any CPU = Debug|Any CPU
		Release|Any CPU = Release|Any CPU
	EndGlobalSection
	GlobalSection(ProjectConfigurationPlatforms) = postSolution
		{67EE738A-15A1-4090-812A-8A81814E1408}.Debug|Any CPU.ActiveCfg = Debug|Any CPU
		{67EE738A-15A1-4090-812A-8A81814E1408}.Debug|Any CPU.Build.0 = Debug|Any CPU
		{67EE738A-15A1-4090-812A-8A81814E1408}.Release|Any CPU.ActiveCfg = Release|Any CPU
		{67EE738A-15A1-4090-812A-8A81814E1408}.Release|Any CPU.Build.0 = Release|Any CPU
	EndGlobalSection
	GlobalSection(SolutionProperties) = preSolution
		HideSolutionNode = FALSE
	EndGlobalSection
	GlobalSection(ExtensibilityGlobals) = postSolution
		SolutionGuid = {18F8FA88-40F0-4577-B3E7-4D1097E08C3E}
	EndGlobalSection
EndGlobal
